
Microsoft Visual Studio Solution File, Format Version 10.00
# Visual Studio 2008
Project("{8BC9CEB8-8B4A-11D0-8D11-00A0C91BC942}") = "gsb-zh_cn", "gsb-zh_cn.vcproj", "{CF902C20-ACA5-49CC-9267-8939ED5217D8}"
EndProject
Project("{8BC9CEB8-8B4A-11D0-8D11-00A0C91BC942}") = "gsb-zh_cn.dll", "gsb-zh_cn.dll.vcproj", "{08A39A11-A107-4B62-A64E-3C26643AA485}"
EndProject
Global
	GlobalSection(SolutionConfigurationPlatforms) = preSolution
		Debug|Win32 = Debug|Win32
		Release|Win32 = Release|Win32
	EndGlobalSection
	GlobalSection(ProjectConfigurationPlatforms) = postSolution
		{CF902C20-ACA5-49CC-9267-8939ED5217D8}.Debug|Win32.ActiveCfg = Debug|Win32
		{CF902C20-ACA5-49CC-9267-8939ED5217D8}.Debug|Win32.Build.0 = Debug|Win32
		{CF902C20-ACA5-49CC-9267-8939ED5217D8}.Release|Win32.ActiveCfg = Release|Win32
		{CF902C20-ACA5-49CC-9267-8939ED5217D8}.Release|Win32.Build.0 = Release|Win32
		{08A39A11-A107-4B62-A64E-3C26643AA485}.Debug|Win32.ActiveCfg = Debug|Win32
		{08A39A11-A107-4B62-A64E-3C26643AA485}.Debug|Win32.Build.0 = Debug|Win32
		{08A39A11-A107-4B62-A64E-3C26643AA485}.Release|Win32.ActiveCfg = Release|Win32
		{08A39A11-A107-4B62-A64E-3C26643AA485}.Release|Win32.Build.0 = Release|Win32
	EndGlobalSection
	GlobalSection(SolutionProperties) = preSolution
		HideSolutionNode = FALSE
	EndGlobalSection
EndGlobal
